Microsoft Visual Studio Solution File, Format Version 12.00
# Visual Studio Version 17
VisualStudioVersion = 17.0.31903.59
MinimumVisualStudioVersion = 10.0.40219.1
Project("{2150E333-8FDC-42A3-9474-1A3956D46DE8}") = "01-Device", "01-Device", "{B1000001-0001-4000-8000-000000000001}"
EndProject
Project("{2150E333-8FDC-42A3-9474-1A3956D46DE8}") = "02-Station", "02-Station", "{B1000002-0002-4000-8000-000000000002}"
EndProject
Project("{2150E333-8FDC-42A3-9474-1A3956D46DE8}") = "03-Tests", "03-Tests", "{B1000003-0003-4000-8000-000000000003}"
EndProject
Project("{FAE04EC0-301F-11D3-BF4B-00C04F79EFBC}") = "Device.Contracts", "src\Device.Contracts\Device.Contracts.csproj", "{B428031A-B34B-484C-83F7-81DDFEE95307}"
EndProject
Project("{FAE04EC0-301F-11D3-BF4B-00C04F79EFBC}") = "Device.Server", "src\Device.Server\Device.Server.csproj", "{155240D5-F4E3-4F5A-BB26-BB2C5ACAF191}"
EndProject
Project("{FAE04EC0-301F-11D3-BF4B-00C04F79EFBC}") = "Device.Client", "src\Device.Client\Device.Client.csproj", "{5F774D86-4B52-4C7E-AAE9-77840365632B}"
EndProject
Project("{FAE04EC0-301F-11D3-BF4B-00C04F79EFBC}") = "Device.Simulators", "src\Device.Simulators\Device.Simulators.csproj", "{077D762A-7A44-48BB-9B71-CCE304C7123E}"
EndProject
Project("{FAE04EC0-301F-11D3-BF4B-00C04F79EFBC}") = "Device.Drivers.Udl", "src\Device.Drivers.Udl\Device.Drivers.Udl.csproj", "{7F5E0F71-359E-4833-A834-9771AE7D0FD4}"
EndProject
Project("{FAE04EC0-301F-11D3-BF4B-00C04F79EFBC}") = "Device.Drivers.Samples", "src\Device.Drivers.Samples\Device.Drivers.Samples.csproj", "{BA19652A-41C8-42BF-8D72-8C2DE9FDADB9}"
EndProject
Project("{FAE04EC0-301F-11D3-BF4B-00C04F79EFBC}") = "Station.Workflow", "src\Station.Workflow\Station.Workflow.csproj", "{C1111111-1111-4111-8111-111111111111}"
EndProject
Project("{FAE04EC0-301F-11D3-BF4B-00C04F79EFBC}") = "Station.App", "src\Station.App\Station.App.csproj", "{C2222222-2222-4222-8222-222222222222}"
EndProject
Project("{FAE04EC0-301F-11D3-BF4B-00C04F79EFBC}") = "Device.Server.Tests", "tests\Device.Server.Tests\Device.Server.Tests.csproj", "{15D41473-3928-4161-A57C-7E3A42FBD4EB}"
EndProject
Project("{FAE04EC0-301F-11D3-BF4B-00C04F79EFBC}") = "Device.Client.Tests", "tests\Device.Client.Tests\Device.Client.Tests.csproj", "{D837B8C0-0FE7-45FC-BA99-71E9186BC99A}"
EndProject
Project("{FAE04EC0-301F-11D3-BF4B-00C04F79EFBC}") = "Station.Workflow.Tests", "tests\Station.Workflow.Tests\Station.Workflow.Tests.csproj", "{C3333333-3333-4333-8333-333333333333}"
EndProject
Global
	GlobalSection(SolutionConfigurationPlatforms) = preSolution
		Debug|Any CPU = Debug|Any CPU
		Release|Any CPU = Release|Any CPU
	EndGlobalSection
	GlobalSection(ProjectConfigurationPlatforms) = postSolution
		{B428031A-B34B-484C-83F7-81DDFEE95307}.Debug|Any CPU.ActiveCfg = Debug|Any CPU
		{B428031A-B34B-484C-83F7-81DDFEE95307}.Debug|Any CPU.Build.0 = Debug|Any CPU
		{B428031A-B34B-484C-83F7-81DDFEE95307}.Release|Any CPU.ActiveCfg = Release|Any CPU
		{B428031A-B34B-484C-83F7-81DDFEE95307}.Release|Any CPU.Build.0 = Release|Any CPU
		{155240D5-F4E3-4F5A-BB26-BB2C5ACAF191}.Debug|Any CPU.ActiveCfg = Debug|Any CPU
		{155240D5-F4E3-4F5A-BB26-BB2C5ACAF191}.Debug|Any CPU.Build.0 = Debug|Any CPU
		{155240D5-F4E3-4F5A-BB26-BB2C5ACAF191}.Release|Any CPU.ActiveCfg = Release|Any CPU
		{155240D5-F4E3-4F5A-BB26-BB2C5ACAF191}.Release|Any CPU.Build.0 = Release|Any CPU
		{5F774D86-4B52-4C7E-AAE9-77840365632B}.Debug|Any CPU.ActiveCfg = Debug|Any CPU
		{5F774D86-4B52-4C7E-AAE9-77840365632B}.Debug|Any CPU.Build.0 = Debug|Any CPU
		{5F774D86-4B52-4C7E-AAE9-77840365632B}.Release|Any CPU.ActiveCfg = Release|Any CPU
		{5F774D86-4B52-4C7E-AAE9-77840365632B}.Release|Any CPU.Build.0 = Release|Any CPU
		{077D762A-7A44-48BB-9B71-CCE304C7123E}.Debug|Any CPU.ActiveCfg = Debug|Any CPU
		{077D762A-7A44-48BB-9B71-CCE304C7123E}.Debug|Any CPU.Build.0 = Debug|Any CPU
		{077D762A-7A44-48BB-9B71-CCE304C7123E}.Release|Any CPU.ActiveCfg = Release|Any CPU
		{077D762A-7A44-48BB-9B71-CCE304C7123E}.Release|Any CPU.Build.0 = Release|Any CPU
		{7F5E0F71-359E-4833-A834-9771AE7D0FD4}.Debug|Any CPU.ActiveCfg = Debug|Any CPU
		{7F5E0F71-359E-4833-A834-9771AE7D0FD4}.Debug|Any CPU.Build.0 = Debug|Any CPU
		{7F5E0F71-359E-4833-A834-9771AE7D0FD4}.Release|Any CPU.ActiveCfg = Release|Any CPU
		{7F5E0F71-359E-4833-A834-9771AE7D0FD4}.Release|Any CPU.Build.0 = Release|Any CPU
		{BA19652A-41C8-42BF-8D72-8C2DE9FDADB9}.Debug|Any CPU.ActiveCfg = Debug|Any CPU
		{BA19652A-41C8-42BF-8D72-8C2DE9FDADB9}.Debug|Any CPU.Build.0 = Debug|Any CPU
		{BA19652A-41C8-42BF-8D72-8C2DE9FDADB9}.Release|Any CPU.ActiveCfg = Release|Any CPU
		{BA19652A-41C8-42BF-8D72-8C2DE9FDADB9}.Release|Any CPU.Build.0 = Release|Any CPU
		{C1111111-1111-4111-8111-111111111111}.Debug|Any CPU.ActiveCfg = Debug|Any CPU
		{C1111111-1111-4111-8111-111111111111}.Debug|Any CPU.Build.0 = Debug|Any CPU
		{C1111111-1111-4111-8111-111111111111}.Release|Any CPU.ActiveCfg = Release|Any CPU
		{C1111111-1111-4111-8111-111111111111}.Release|Any CPU.Build.0 = Release|Any CPU
		{C2222222-2222-4222-8222-222222222222}.Debug|Any CPU.ActiveCfg = Debug|Any CPU
		{C2222222-2222-4222-8222-222222222222}.Debug|Any CPU.Build.0 = Debug|Any CPU
		{C2222222-2222-4222-8222-222222222222}.Release|Any CPU.ActiveCfg = Release|Any CPU
		{C2222222-2222-4222-8222-222222222222}.Release|Any CPU.Build.0 = Release|Any CPU
		{15D41473-3928-4161-A57C-7E3A42FBD4EB}.Debug|Any CPU.ActiveCfg = Debug|Any CPU
		{15D41473-3928-4161-A57C-7E3A42FBD4EB}.Debug|Any CPU.Build.0 = Debug|Any CPU
		{15D41473-3928-4161-A57C-7E3A42FBD4EB}.Release|Any CPU.ActiveCfg = Release|Any CPU
		{15D41473-3928-4161-A57C-7E3A42FBD4EB}.Release|Any CPU.Build.0 = Release|Any CPU
		{D837B8C0-0FE7-45FC-BA99-71E9186BC99A}.Debug|Any CPU.ActiveCfg = Debug|Any CPU
		{D837B8C0-0FE7-45FC-BA99-71E9186BC99A}.Debug|Any CPU.Build.0 = Debug|Any CPU
		{D837B8C0-0FE7-45FC-BA99-71E9186BC99A}.Release|Any CPU.ActiveCfg = Release|Any CPU
		{D837B8C0-0FE7-45FC-BA99-71E9186BC99A}.Release|Any CPU.Build.0 = Release|Any CPU
		{C3333333-3333-4333-8333-333333333333}.Debug|Any CPU.ActiveCfg = Debug|Any CPU
		{C3333333-3333-4333-8333-333333333333}.Debug|Any CPU.Build.0 = Debug|Any CPU
		{C3333333-3333-4333-8333-333333333333}.Release|Any CPU.ActiveCfg = Release|Any CPU
		{C3333333-3333-4333-8333-333333333333}.Release|Any CPU.Build.0 = Release|Any CPU
	EndGlobalSection
	GlobalSection(SolutionProperties) = preSolution
		HideSolutionNode = FALSE
	EndGlobalSection
	GlobalSection(NestedProjects) = preSolution
		{B428031A-B34B-484C-83F7-81DDFEE95307} = {B1000001-0001-4000-8000-000000000001}
		{155240D5-F4E3-4F5A-BB26-BB2C5ACAF191} = {B1000001-0001-4000-8000-000000000001}
		{5F774D86-4B52-4C7E-AAE9-77840365632B} = {B1000001-0001-4000-8000-000000000001}
		{077D762A-7A44-48BB-9B71-CCE304C7123E} = {B1000001-0001-4000-8000-000000000001}
		{7F5E0F71-359E-4833-A834-9771AE7D0FD4} = {B1000001-0001-4000-8000-000000000001}
		{BA19652A-41C8-42BF-8D72-8C2DE9FDADB9} = {B1000001-0001-4000-8000-000000000001}
		{C1111111-1111-4111-8111-111111111111} = {B1000002-0002-4000-8000-000000000002}
		{C2222222-2222-4222-8222-222222222222} = {B1000002-0002-4000-8000-000000000002}
		{15D41473-3928-4161-A57C-7E3A42FBD4EB} = {B1000003-0003-4000-8000-000000000003}
		{D837B8C0-0FE7-45FC-BA99-71E9186BC99A} = {B1000003-0003-4000-8000-000000000003}
		{C3333333-3333-4333-8333-333333333333} = {B1000003-0003-4000-8000-000000000003}
	EndGlobalSection
EndGlobal
